{
  "name": "geography-guessing",
  "version": "0.0.0",
  "lockfileVersion": 3,
  "requires": true,
  "packages": {
    "": {
      "name": "geography-guessing",
      "version": "0.0.0",
      "dependencies": {
        "@vue-leaflet/vue-leaflet": "^0.10.1",
        "chart.js": "^4.5.0",
        "chartjs-adapter-date-fns": "^3.0.0",
        "date-fns": "^4.1.0",
        "leaflet": "^1.9.4",
        "pinia": "^3.0.2",
        "vue": "^3.5.13",
        "vue-chartjs": "^5.3.2",
        "vue-router": "^4.5.1",
        "vue-toastification": "^2.0.0-rc.5"
      },
      "devDependencies": {
        "@vitejs/plugin-vue": "^5.2.3",
        "@vue/tsconfig": "^0.7.0",
        "prettier": "^3.5.3",
        "sass-embedded": "^1.88.0",
        "typescript": "~5.8.3",
        "vite": "^6.3.5",
        "vue-tsc": "^2.2.8"
      }
    },
    "node_modules/@babel/helper-string-parser": {
      "version": "7.27.1",
      "license": "MIT",
      "engines": {
        "node": ">=6.9.0"
      }
    },
    "node_modules/@babel/helper-validator-identifier": {
      "version": "7.27.1",
      "license": "MIT",
      "engines": {
        "node": ">=6.9.0"
      }
    },
    "node_modules/@babel/parser": {
      "version": "7.27.2",
      "license": "MIT",
      "dependencies": {
        "@babel/types": "^7.27.1"
      },
      "bin": {
        "parser": "bin/babel-parser.js"
      },
      "engines": {
        "node": ">=6.0.0"
      }
    },
    "node_modules/@babel/types": {
      "version": "7.27.1",
      "license": "MIT",
      "dependencies": {
        "@babel/helper-string-parser": "^7.27.1",
        "@babel/helper-validator-identifier": "^7.27.1"
      },
      "engines": {
        "node": ">=6.9.0"
      }
    },
    "node_modules/@bufbuild/protobuf": {
      "version": "2.4.0",
      "dev": true,
      "license": "(Apache-2.0 AND BSD-3-Clause)"
    },
    "node_modules/@esbuild/win32-x64": {
      "version": "0.25.4",
      "cpu": [
        "x64"
      ],
      "dev": true,
      "license": "MIT",
      "optional": true,
      "os": [
        "win32"
      ],
      "engines": {
        "node": ">=18"
      }
    },
    "node_modules/@jridgewell/sourcemap-codec": {
      "version": "1.5.0",
      "license": "MIT"
    },
    "node_modules/@kurkle/color": {
      "version": "0.3.4",
      "resolved": "https://registry.npmjs.org/@kurkle/color/-/color-0.3.4.tgz",
      "integrity": "sha512-M5UknZPHRu3DEDWoipU6sE8PdkZ6Z/S+v4dD+Ke8IaNlpdSQah50lz1KtcFBa2vsdOnwbbnxJwVM4wty6udA5w==",
      "license": "MIT"
    },
    "node_modules/@rollup/rollup-win32-x64-msvc": {
      "version": "4.40.2",
      "cpu": [
        "x64"
      ],
      "dev": true,
      "license": "MIT",
      "optional": true,
      "os": [
        "win32"
      ]
    },
    "node_modules/@types/estree": {
      "version": "1.0.7",
      "dev": true,
      "license": "MIT"
    },
    "node_modules/@vitejs/plugin-vue": {
      "version": "5.2.4",
      "dev": true,
      "license": "MIT",
      "engines": {
        "node": "^18.0.0 || >=20.0.0"
      },
      "peerDependencies": {
        "vite": "^5.0.0 || ^6.0.0",
        "vue": "^3.2.25"
      }
    },
    "node_modules/@volar/language-core": {
      "version": "2.4.14",
      "dev": true,
      "license": "MIT",
      "dependencies": {
        "@volar/source-map": "2.4.14"
      }
    },
    "node_modules/@volar/source-map": {
      "version": "2.4.14",
      "dev": true,
      "license": "MIT"
    },
    "node_modules/@volar/typescript": {
      "version": "2.4.14",
      "dev": true,
      "license": "MIT",
      "dependencies": {
        "@volar/language-core": "2.4.14",
        "path-browserify": "^1.0.1",
        "vscode-uri": "^3.0.8"
      }
    },
    "node_modules/@vue-leaflet/vue-leaflet": {
      "version": "0.10.1",
      "resolved": "https://registry.npmjs.org/@vue-leaflet/vue-leaflet/-/vue-leaflet-0.10.1.tgz",
      "integrity": "sha512-RNEDk8TbnwrJl8ujdbKgZRFygLCxd0aBcWLQ05q/pGv4+d0jamE3KXQgQBqGAteE1mbQsk3xoNcqqUgaIGfWVg==",
      "license": "MIT",
      "dependencies": {
        "vue": "^3.2.25"
      },
      "peerDependencies": {
        "@types/leaflet": "^1.5.7",
        "leaflet": "^1.6.0"
      },
      "peerDependenciesMeta": {
        "@types/leaflet": {
          "optional": true
        }
      }
    },
    "node_modules/@vue/compiler-core": {
      "version": "3.5.14",
      "license": "MIT",
      "dependencies": {
        "@babel/parser": "^7.27.2",
        "@vue/shared": "3.5.14",
        "entities": "^4.5.0",
        "estree-walker": "^2.0.2",
        "source-map-js": "^1.2.1"
      }
    },
    "node_modules/@vue/compiler-dom": {
      "version": "3.5.14",
      "license": "MIT",
      "dependencies": {
        "@vue/compiler-core": "3.5.14",
        "@vue/shared": "3.5.14"
      }
    },
    "node_modules/@vue/compiler-sfc": {
      "version": "3.5.14",
      "license": "MIT",
      "dependencies": {
        "@babel/parser": "^7.27.2",
        "@vue/compiler-core": "3.5.14",
        "@vue/compiler-dom": "3.5.14",
        "@vue/compiler-ssr": "3.5.14",
        "@vue/shared": "3.5.14",
        "estree-walker": "^2.0.2",
        "magic-string": "^0.30.17",
        "postcss": "^8.5.3",
        "source-map-js": "^1.2.1"
      }
    },
    "node_modules/@vue/compiler-ssr": {
      "version": "3.5.14",
      "license": "MIT",
      "dependencies": {
        "@vue/compiler-dom": "3.5.14",
        "@vue/shared": "3.5.14"
      }
    },
    "node_modules/@vue/compiler-vue2": {
      "version": "2.7.16",
      "dev": true,
      "license": "MIT",
      "dependencies": {
        "de-indent": "^1.0.2",
        "he": "^1.2.0"
      }
    },
    "node_modules/@vue/devtools-api": {
      "version": "7.7.6",
      "license": "MIT",
      "dependencies": {
        "@vue/devtools-kit": "^7.7.6"
      }
    },
    "node_modules/@vue/devtools-kit": {
      "version": "7.7.6",
      "license": "MIT",
      "dependencies": {
        "@vue/devtools-shared": "^7.7.6",
        "birpc": "^2.3.0",
        "hookable": "^5.5.3",
        "mitt": "^3.0.1",
        "perfect-debounce": "^1.0.0",
        "speakingurl": "^14.0.1",
        "superjson": "^2.2.2"
      }
    },
    "node_modules/@vue/devtools-shared": {
      "version": "7.7.6",
      "license": "MIT",
      "dependencies": {
        "rfdc": "^1.4.1"
      }
    },
    "node_modules/@vue/language-core": {
      "version": "2.2.10",
      "dev": true,
      "license": "MIT",
      "dependencies": {
        "@volar/language-core": "~2.4.11",
        "@vue/compiler-dom": "^3.5.0",
        "@vue/compiler-vue2": "^2.7.16",
        "@vue/shared": "^3.5.0",
        "alien-signals": "^1.0.3",
        "minimatch": "^9.0.3",
        "muggle-string": "^0.4.1",
        "path-browserify": "^1.0.1"
      },
      "peerDependencies": {
        "typescript": "*"
      },
      "peerDependenciesMeta": {
        "typescript": {
          "optional": true
        }
      }
    },
    "node_modules/@vue/reactivity": {
      "version": "3.5.14",
      "license": "MIT",
      "dependencies": {
        "@vue/shared": "3.5.14"
      }
    },
    "node_modules/@vue/runtime-core": {
      "version": "3.5.14",
      "license": "MIT",
      "dependencies": {
        "@vue/reactivity": "3.5.14",
        "@vue/shared": "3.5.14"
      }
    },
    "node_modules/@vue/runtime-dom": {
      "version": "3.5.14",
      "license": "MIT",
      "dependencies": {
        "@vue/reactivity": "3.5.14",
        "@vue/runtime-core": "3.5.14",
        "@vue/shared": "3.5.14",
        "csstype": "^3.1.3"
      }
    },
    "node_modules/@vue/server-renderer": {
      "version": "3.5.14",
      "license": "MIT",
      "dependencies": {
        "@vue/compiler-ssr": "3.5.14",
        "@vue/shared": "3.5.14"
      },
      "peerDependencies": {
        "vue": "3.5.14"
      }
    },
    "node_modules/@vue/shared": {
      "version": "3.5.14",
      "license": "MIT"
    },
    "node_modules/@vue/tsconfig": {
      "version": "0.7.0",
      "dev": true,
      "license": "MIT",
      "peerDependencies": {
        "typescript": "5.x",
        "vue": "^3.4.0"
      },
      "peerDependenciesMeta": {
        "typescript": {
          "optional": true
        },
        "vue": {
          "optional": true
        }
      }
    },
    "node_modules/alien-signals": {
      "version": "1.0.13",
      "dev": true,
      "license": "MIT"
    },
    "node_modules/balanced-match": {
      "version": "1.0.2",
      "dev": true,
      "license": "MIT"
    },
    "node_modules/birpc": {
      "version": "2.3.0",
      "license": "MIT",
      "funding": {
        "url": "https://github.com/sponsors/antfu"
      }
    },
    "node_modules/brace-expansion": {
      "version": "2.0.1",
      "dev": true,
      "license": "MIT",
      "dependencies": {
        "balanced-match": "^1.0.0"
      }
    },
    "node_modules/buffer-builder": {
      "version": "0.2.0",
      "dev": true,
      "license": "MIT/X11"
    },
    "node_modules/chart.js": {
      "version": "4.5.0",
      "resolved": "https://registry.npmjs.org/chart.js/-/chart.js-4.5.0.tgz",
      "integrity": "sha512-aYeC/jDgSEx8SHWZvANYMioYMZ2KX02W6f6uVfyteuCGcadDLcYVHdfdygsTQkQ4TKn5lghoojAsPj5pu0SnvQ==",
      "license": "MIT",
      "dependencies": {
        "@kurkle/color": "^0.3.0"
      },
      "engines": {
        "pnpm": ">=8"
      }
    },
    "node_modules/chartjs-adapter-date-fns": {
      "version": "3.0.0",
      "resolved": "https://registry.npmjs.org/chartjs-adapter-date-fns/-/chartjs-adapter-date-fns-3.0.0.tgz",
      "integrity": "sha512-Rs3iEB3Q5pJ973J93OBTpnP7qoGwvq3nUnoMdtxO+9aoJof7UFcRbWcIDteXuYd1fgAvct/32T9qaLyLuZVwCg==",
      "license": "MIT",
      "peerDependencies": {
        "chart.js": ">=2.8.0",
        "date-fns": ">=2.0.0"
      }
    },
    "node_modules/colorjs.io": {
      "version": "0.5.2",
      "dev": true,
      "license": "MIT"
    },
    "node_modules/copy-anything": {
      "version": "3.0.5",
      "license": "MIT",
      "dependencies": {
        "is-what": "^4.1.8"
      },
      "engines": {
        "node": ">=12.13"
      },
      "funding": {
        "url": "https://github.com/sponsors/mesqueeb"
      }
    },
    "node_modules/csstype": {
      "version": "3.1.3",
      "license": "MIT"
    },
    "node_modules/date-fns": {
      "version": "4.1.0",
      "resolved": "https://registry.npmjs.org/date-fns/-/date-fns-4.1.0.tgz",
      "integrity": "sha512-Ukq0owbQXxa/U3EGtsdVBkR1w7KOQ5gIBqdH2hkvknzZPYvBxb/aa6E8L7tmjFtkwZBu3UXBbjIgPo/Ez4xaNg==",
      "license": "MIT",
      "funding": {
        "type": "github",
        "url": "https://github.com/sponsors/kossnocorp"
      }
    },
    "node_modules/de-indent": {
      "version": "1.0.2",
      "dev": true,
      "license": "MIT"
    },
    "node_modules/entities": {
      "version": "4.5.0",
      "license": "BSD-2-Clause",
      "engines": {
        "node": ">=0.12"
      },
      "funding": {
        "url": "https://github.com/fb55/entities?sponsor=1"
      }
    },
    "node_modules/esbuild": {
      "version": "0.25.4",
      "dev": true,
      "hasInstallScript": true,
      "license": "MIT",
      "bin": {
        "esbuild": "bin/esbuild"
      },
      "engines": {
        "node": ">=18"
      },
      "optionalDependencies": {
        "@esbuild/aix-ppc64": "0.25.4",
        "@esbuild/android-arm": "0.25.4",
        "@esbuild/android-arm64": "0.25.4",
        "@esbuild/android-x64": "0.25.4",
        "@esbuild/darwin-arm64": "0.25.4",
        "@esbuild/darwin-x64": "0.25.4",
        "@esbuild/freebsd-arm64": "0.25.4",
        "@esbuild/freebsd-x64": "0.25.4",
        "@esbuild/linux-arm": "0.25.4",
        "@esbuild/linux-arm64": "0.25.4",
        "@esbuild/linux-ia32": "0.25.4",
        "@esbuild/linux-loong64": "0.25.4",
        "@esbuild/linux-mips64el": "0.25.4",
        "@esbuild/linux-ppc64": "0.25.4",
        "@esbuild/linux-riscv64": "0.25.4",
        "@esbuild/linux-s390x": "0.25.4",
        "@esbuild/linux-x64": "0.25.4",
        "@esbuild/netbsd-arm64": "0.25.4",
        "@esbuild/netbsd-x64": "0.25.4",
        "@esbuild/openbsd-arm64": "0.25.4",
        "@esbuild/openbsd-x64": "0.25.4",
        "@esbuild/sunos-x64": "0.25.4",
        "@esbuild/win32-arm64": "0.25.4",
        "@esbuild/win32-ia32": "0.25.4",
        "@esbuild/win32-x64": "0.25.4"
      }
    },
    "node_modules/estree-walker": {
      "version": "2.0.2",
      "license": "MIT"
    },
    "node_modules/has-flag": {
      "version": "4.0.0",
      "dev": true,
      "license": "MIT",
      "engines": {
        "node": ">=8"
      }
    },
    "node_modules/he": {
      "version": "1.2.0",
      "dev": true,
      "license": "MIT",
      "bin": {
        "he": "bin/he"
      }
    },
    "node_modules/hookable": {
      "version": "5.5.3",
      "license": "MIT"
    },
    "node_modules/immutable": {
      "version": "5.1.2",
      "dev": true,
      "license": "MIT"
    },
    "node_modules/is-what": {
      "version": "4.1.16",
      "license": "MIT",
      "engines": {
        "node": ">=12.13"
      },
      "funding": {
        "url": "https://github.com/sponsors/mesqueeb"
      }
    },
    "node_modules/leaflet": {
      "version": "1.9.4",
      "resolved": "https://registry.npmjs.org/leaflet/-/leaflet-1.9.4.tgz",
      "integrity": "sha512-nxS1ynzJOmOlHp+iL3FyWqK89GtNL8U8rvlMOsQdTTssxZwCXh8N2NB3GDQOL+YR3XnWyZAxwQixURb+FA74PA==",
      "license": "BSD-2-Clause"
    },
    "node_modules/magic-string": {
      "version": "0.30.17",
      "license": "MIT",
      "dependencies": {
        "@jridgewell/sourcemap-codec": "^1.5.0"
      }
    },
    "node_modules/minimatch": {
      "version": "9.0.5",
      "dev": true,
      "license": "ISC",
      "dependencies": {
        "brace-expansion": "^2.0.1"
      },
      "engines": {
        "node": ">=16 || 14 >=14.17"
      },
      "funding": {
        "url": "https://github.com/sponsors/isaacs"
      }
    },
    "node_modules/mitt": {
      "version": "3.0.1",
      "license": "MIT"
    },
    "node_modules/muggle-string": {
      "version": "0.4.1",
      "dev": true,
      "license": "MIT"
    },
    "node_modules/nanoid": {
      "version": "3.3.11",
      "funding": [
        {
          "type": "github",
          "url": "https://github.com/sponsors/ai"
        }
      ],
      "license": "MIT",
      "bin": {
        "nanoid": "bin/nanoid.cjs"
      },
      "engines": {
        "node": "^10 || ^12 || ^13.7 || ^14 || >=15.0.1"
      }
    },
    "node_modules/path-browserify": {
      "version": "1.0.1",
      "dev": true,
      "license": "MIT"
    },
    "node_modules/perfect-debounce": {
      "version": "1.0.0",
      "license": "MIT"
    },
    "node_modules/picocolors": {
      "version": "1.1.1",
      "license": "ISC"
    },
    "node_modules/pinia": {
      "version": "3.0.2",
      "license": "MIT",
      "dependencies": {
        "@vue/devtools-api": "^7.7.2"
      },
      "funding": {
        "url": "https://github.com/sponsors/posva"
      },
      "peerDependencies": {
        "typescript": ">=4.4.4",
        "vue": "^2.7.0 || ^3.5.11"
      },
      "peerDependenciesMeta": {
        "typescript": {
          "optional": true
        }
      }
    },
    "node_modules/postcss": {
      "version": "8.5.3",
      "funding": [
        {
          "type": "opencollective",
          "url": "https://opencollective.com/postcss/"
        },
        {
          "type": "tidelift",
          "url": "https://tidelift.com/funding/github/npm/postcss"
        },
        {
          "type": "github",
          "url": "https://github.com/sponsors/ai"
        }
      ],
      "license": "MIT",
      "dependencies": {
        "nanoid": "^3.3.8",
        "picocolors": "^1.1.1",
        "source-map-js": "^1.2.1"
      },
      "engines": {
        "node": "^10 || ^12 || >=14"
      }
    },
    "node_modules/prettier": {
      "version": "3.5.3",
      "dev": true,
      "license": "MIT",
      "bin": {
        "prettier": "bin/prettier.cjs"
      },
      "engines": {
        "node": ">=14"
      },
      "funding": {
        "url": "https://github.com/prettier/prettier?sponsor=1"
      }
    },
    "node_modules/rfdc": {
      "version": "1.4.1",
      "license": "MIT"
    },
    "node_modules/rollup": {
      "version": "4.40.2",
      "dev": true,
      "license": "MIT",
      "dependencies": {
        "@types/estree": "1.0.7"
      },
      "bin": {
        "rollup": "dist/bin/rollup"
      },
      "engines": {
        "node": ">=18.0.0",
        "npm": ">=8.0.0"
      },
      "optionalDependencies": {
        "@rollup/rollup-android-arm-eabi": "4.40.2",
        "@rollup/rollup-android-arm64": "4.40.2",
        "@rollup/rollup-darwin-arm64": "4.40.2",
        "@rollup/rollup-darwin-x64": "4.40.2",
        "@rollup/rollup-freebsd-arm64": "4.40.2",
        "@rollup/rollup-freebsd-x64": "4.40.2",
        "@rollup/rollup-linux-arm-gnueabihf": "4.40.2",
        "@rollup/rollup-linux-arm-musleabihf": "4.40.2",
        "@rollup/rollup-linux-arm64-gnu": "4.40.2",
        "@rollup/rollup-linux-arm64-musl": "4.40.2",
        "@rollup/rollup-linux-loongarch64-gnu": "4.40.2",
        "@rollup/rollup-linux-powerpc64le-gnu": "4.40.2",
        "@rollup/rollup-linux-riscv64-gnu": "4.40.2",
        "@rollup/rollup-linux-riscv64-musl": "4.40.2",
        "@rollup/rollup-linux-s390x-gnu": "4.40.2",
        "@rollup/rollup-linux-x64-gnu": "4.40.2",
        "@rollup/rollup-linux-x64-musl": "4.40.2",
        "@rollup/rollup-win32-arm64-msvc": "4.40.2",
        "@rollup/rollup-win32-ia32-msvc": "4.40.2",
        "@rollup/rollup-win32-x64-msvc": "4.40.2",
        "fsevents": "~2.3.2"
      }
    },
    "node_modules/rxjs": {
      "version": "7.8.2",
      "dev": true,
      "license": "Apache-2.0",
      "dependencies": {
        "tslib": "^2.1.0"
      }
    },
    "node_modules/sass-embedded": {
      "version": "1.89.0",
      "dev": true,
      "license": "MIT",
      "dependencies": {
        "@bufbuild/protobuf": "^2.0.0",
        "buffer-builder": "^0.2.0",
        "colorjs.io": "^0.5.0",
        "immutable": "^5.0.2",
        "rxjs": "^7.4.0",
        "supports-color": "^8.1.1",
        "sync-child-process": "^1.0.2",
        "varint": "^6.0.0"
      },
      "bin": {
        "sass": "dist/bin/sass.js"
      },
      "engines": {
        "node": ">=16.0.0"
      },
      "optionalDependencies": {
        "sass-embedded-android-arm": "1.89.0",
        "sass-embedded-android-arm64": "1.89.0",
        "sass-embedded-android-ia32": "1.89.0",
        "sass-embedded-android-riscv64": "1.89.0",
        "sass-embedded-android-x64": "1.89.0",
        "sass-embedded-darwin-arm64": "1.89.0",
        "sass-embedded-darwin-x64": "1.89.0",
        "sass-embedded-linux-arm": "1.89.0",
        "sass-embedded-linux-arm64": "1.89.0",
        "sass-embedded-linux-ia32": "1.89.0",
        "sass-embedded-linux-musl-arm": "1.89.0",
        "sass-embedded-linux-musl-arm64": "1.89.0",
        "sass-embedded-linux-musl-ia32": "1.89.0",
        "sass-embedded-linux-musl-riscv64": "1.89.0",
        "sass-embedded-linux-musl-x64": "1.89.0",
        "sass-embedded-linux-riscv64": "1.89.0",
        "sass-embedded-linux-x64": "1.89.0",
        "sass-embedded-win32-arm64": "1.89.0",
        "sass-embedded-win32-ia32": "1.89.0",
        "sass-embedded-win32-x64": "1.89.0"
      }
    },
    "node_modules/sass-embedded-win32-x64": {
      "version": "1.89.0",
      "cpu": [
        "x64"
      ],
      "dev": true,
      "license": "MIT",
      "optional": true,
      "os": [
        "win32"
      ],
      "engines": {
        "node": ">=14.0.0"
      }
    },
    "node_modules/source-map-js": {
      "version": "1.2.1",
      "license": "BSD-3-Clause",
      "engines": {
        "node": ">=0.10.0"
      }
    },
    "node_modules/speakingurl": {
      "version": "14.0.1",
      "license": "BSD-3-Clause",
      "engines": {
        "node": ">=0.10.0"
      }
    },
    "node_modules/superjson": {
      "version": "2.2.2",
      "license": "MIT",
      "dependencies": {
        "copy-anything": "^3.0.2"
      },
      "engines": {
        "node": ">=16"
      }
    },
    "node_modules/supports-color": {
      "version": "8.1.1",
      "dev": true,
      "license": "MIT",
      "dependencies": {
        "has-flag": "^4.0.0"
      },
      "engines": {
        "node": ">=10"
      },
      "funding": {
        "url": "https://github.com/chalk/supports-color?sponsor=1"
      }
    },
    "node_modules/sync-child-process": {
      "version": "1.0.2",
      "dev": true,
      "license": "MIT",
      "dependencies": {
        "sync-message-port": "^1.0.0"
      },
      "engines": {
        "node": ">=16.0.0"
      }
    },
    "node_modules/sync-message-port": {
      "version": "1.1.3",
      "dev": true,
      "license": "MIT",
      "engines": {
        "node": ">=16.0.0"
      }
    },
    "node_modules/tinyglobby": {
      "version": "0.2.13",
      "dev": true,
      "license": "MIT",
      "dependencies": {
        "fdir": "^6.4.4",
        "picomatch": "^4.0.2"
      },
      "engines": {
        "node": ">=12.0.0"
      },
      "funding": {
        "url": "https://github.com/sponsors/SuperchupuDev"
      }
    },
    "node_modules/tinyglobby/node_modules/fdir": {
      "version": "6.4.4",
      "dev": true,
      "license": "MIT",
      "peerDependencies": {
        "picomatch": "^3 || ^4"
      },
      "peerDependenciesMeta": {
        "picomatch": {
          "optional": true
        }
      }
    },
    "node_modules/tinyglobby/node_modules/picomatch": {
      "version": "4.0.2",
      "dev": true,
      "license": "MIT",
      "engines": {
        "node": ">=12"
      },
      "funding": {
        "url": "https://github.com/sponsors/jonschlinkert"
      }
    },
    "node_modules/tslib": {
      "version": "2.8.1",
      "dev": true,
      "license": "0BSD"
    },
    "node_modules/typescript": {
      "version": "5.8.3",
      "devOptional": true,
      "license": "Apache-2.0",
      "bin": {
        "tsc": "bin/tsc",
        "tsserver": "bin/tsserver"
      },
      "engines": {
        "node": ">=14.17"
      }
    },
    "node_modules/varint": {
      "version": "6.0.0",
      "dev": true,
      "license": "MIT"
    },
    "node_modules/vite": {
      "version": "6.3.5",
      "dev": true,
      "license": "MIT",
      "dependencies": {
        "esbuild": "^0.25.0",
        "fdir": "^6.4.4",
        "picomatch": "^4.0.2",
        "postcss": "^8.5.3",
        "rollup": "^4.34.9",
        "tinyglobby": "^0.2.13"
      },
      "bin": {
        "vite": "bin/vite.js"
      },
      "engines": {
        "node": "^18.0.0 || ^20.0.0 || >=22.0.0"
      },
      "funding": {
        "url": "https://github.com/vitejs/vite?sponsor=1"
      },
      "optionalDependencies": {
        "fsevents": "~2.3.3"
      },
      "peerDependencies": {
        "@types/node": "^18.0.0 || ^20.0.0 || >=22.0.0",
        "jiti": ">=1.21.0",
        "less": "*",
        "lightningcss": "^1.21.0",
        "sass": "*",
        "sass-embedded": "*",
        "stylus": "*",
        "sugarss": "*",
        "terser": "^5.16.0",
        "tsx": "^4.8.1",
        "yaml": "^2.4.2"
      },
      "peerDependenciesMeta": {
        "@types/node": {
          "optional": true
        },
        "jiti": {
          "optional": true
        },
        "less": {
          "optional": true
        },
        "lightningcss": {
          "optional": true
        },
        "sass": {
          "optional": true
        },
        "sass-embedded": {
          "optional": true
        },
        "stylus": {
          "optional": true
        },
        "sugarss": {
          "optional": true
        },
        "terser": {
          "optional": true
        },
        "tsx": {
          "optional": true
        },
        "yaml": {
          "optional": true
        }
      }
    },
    "node_modules/vite/node_modules/fdir": {
      "version": "6.4.4",
      "dev": true,
      "license": "MIT",
      "peerDependencies": {
        "picomatch": "^3 || ^4"
      },
      "peerDependenciesMeta": {
        "picomatch": {
          "optional": true
        }
      }
    },
    "node_modules/vite/node_modules/picomatch": {
      "version": "4.0.2",
      "dev": true,
      "license": "MIT",
      "engines": {
        "node": ">=12"
      },
      "funding": {
        "url": "https://github.com/sponsors/jonschlinkert"
      }
    },
    "node_modules/vscode-uri": {
      "version": "3.1.0",
      "dev": true,
      "license": "MIT"
    },
    "node_modules/vue": {
      "version": "3.5.14",
      "license": "MIT",
      "dependencies": {
        "@vue/compiler-dom": "3.5.14",
        "@vue/compiler-sfc": "3.5.14",
        "@vue/runtime-dom": "3.5.14",
        "@vue/server-renderer": "3.5.14",
        "@vue/shared": "3.5.14"
      },
      "peerDependencies": {
        "typescript": "*"
      },
      "peerDependenciesMeta": {
        "typescript": {
          "optional": true
        }
      }
    },
    "node_modules/vue-chartjs": {
      "version": "5.3.2",
      "resolved": "https://registry.npmjs.org/vue-chartjs/-/vue-chartjs-5.3.2.tgz",
      "integrity": "sha512-NrkbRRoYshbXbWqJkTN6InoDVwVb90C0R7eAVgMWcB9dPikbruaOoTFjFYHE/+tNPdIe6qdLCDjfjPHQ0fw4jw==",
      "license": "MIT",
      "peerDependencies": {
        "chart.js": "^4.1.1",
        "vue": "^3.0.0-0 || ^2.7.0"
      }
    },
    "node_modules/vue-router": {
      "version": "4.5.1",
      "resolved": "https://registry.npmjs.org/vue-router/-/vue-router-4.5.1.tgz",
      "integrity": "sha512-ogAF3P97NPm8fJsE4by9dwSYtDwXIY1nFY9T6DyQnGHd1E2Da94w9JIolpe42LJGIl0DwOHBi8TcRPlPGwbTtw==",
      "license": "MIT",
      "dependencies": {
        "@vue/devtools-api": "^6.6.4"
      },
      "funding": {
        "url": "https://github.com/sponsors/posva"
      },
      "peerDependencies": {
        "vue": "^3.2.0"
      }
    },
    "node_modules/vue-router/node_modules/@vue/devtools-api": {
      "version": "6.6.4",
      "resolved": "https://registry.npmjs.org/@vue/devtools-api/-/devtools-api-6.6.4.tgz",
      "integrity": "sha512-sGhTPMuXqZ1rVOk32RylztWkfXTRhuS7vgAKv0zjqk8gbsHkJ7xfFf+jbySxt7tWObEJwyKaHMikV/WGDiQm8g==",
      "license": "MIT"
    },
    "node_modules/vue-toastification": {
      "version": "2.0.0-rc.5",
      "resolved": "https://registry.npmjs.org/vue-toastification/-/vue-toastification-2.0.0-rc.5.tgz",
      "integrity": "sha512-q73e5jy6gucEO/U+P48hqX+/qyXDozAGmaGgLFm5tXX4wJBcVsnGp4e/iJqlm9xzHETYOilUuwOUje2Qg1JdwA==",
      "license": "MIT",
      "peerDependencies": {
        "vue": "^3.0.2"
      }
    },
    "node_modules/vue-tsc": {
      "version": "2.2.10",
      "dev": true,
      "license": "MIT",
      "dependencies": {
        "@volar/typescript": "~2.4.11",
        "@vue/language-core": "2.2.10"
      },
      "bin": {
        "vue-tsc": "bin/vue-tsc.js"
      },
      "peerDependencies": {
        "typescript": ">=5.0.0"
      }
    }
  }
}
